
Microsoft Visual Studio Solution File, Format Version 12.00
# Visual Studio Version 17
VisualStudioVersion = 17.1.31911.260
MinimumVisualStudioVersion = 10.0.40219.1
Project("{2150E333-8FDC-42A3-9474-1A3956D46DE8}") = "Repository", "Repository", "{BB290A1F-8F64-42F4-B811-9B44307AB49F}"
EndProject
Project("{2150E333-8FDC-42A3-9474-1A3956D46DE8}") = "Service", "Service", "{05100E77-6AF4-4B15-912D-5CEA724EC521}"
EndProject
Project("{9A19103F-16F7-4668-BE54-9A1E7A4F7556}") = "WeBlog.Api", "WeBlog.Api\WeBlog.Api.csproj", "{9109E03F-CD39-43D7-942F-47D612ABD052}"
EndProject
Project("{9A19103F-16F7-4668-BE54-9A1E7A4F7556}") = "WeBlog.Model", "WeBlog.Model\WeBlog.Model.csproj", "{C4541B0B-38BB-48AC-B555-C84D395B36D5}"
EndProject
Project("{9A19103F-16F7-4668-BE54-9A1E7A4F7556}") = "WeBlog.IRepository", "WeBlog.IRepository\WeBlog.IRepository.csproj", "{75218888-58AC-473E-819D-D9F753486D47}"
EndProject
Project("{9A19103F-16F7-4668-BE54-9A1E7A4F7556}") = "WeBlog.Repository", "WeBlog.Repository\WeBlog.Repository.csproj", "{47EE7EBA-F09C-4536-9595-3BA88ABC46A3}"
EndProject
Project("{9A19103F-16F7-4668-BE54-9A1E7A4F7556}") = "WeBlog.IService", "WeBlog.IService\WeBlog.IService.csproj", "{AEE3670F-4491-4BFA-9D7D-DEDF15BBAF2F}"
EndProject
Project("{9A19103F-16F7-4668-BE54-9A1E7A4F7556}") = "WeBlog.Service", "WeBlog.Service\WeBlog.Service.csproj", "{BDA42BE6-1297-4C3D-98D6-877D0C83F0F6}"
EndProject
Project("{FAE04EC0-301F-11D3-BF4B-00C04F79EFBC}") = "WeBlog.Share", "WeBlog.Share\WeBlog.Share.csproj", "{05C9D75F-A9A4-4780-A48A-7531E3EE31A9}"
EndProject
Global
	GlobalSection(SolutionConfigurationPlatforms) = preSolution
		Debug|Any CPU = Debug|Any CPU
		Release|Any CPU = Release|Any CPU
	EndGlobalSection
	GlobalSection(ProjectConfigurationPlatforms) = postSolution
		{9109E03F-CD39-43D7-942F-47D612ABD052}.Debug|Any CPU.ActiveCfg = Debug|Any CPU
		{9109E03F-CD39-43D7-942F-47D612ABD052}.Debug|Any CPU.Build.0 = Debug|Any CPU
		{9109E03F-CD39-43D7-942F-47D612ABD052}.Release|Any CPU.ActiveCfg = Release|Any CPU
		{9109E03F-CD39-43D7-942F-47D612ABD052}.Release|Any CPU.Build.0 = Release|Any CPU
		{C4541B0B-38BB-48AC-B555-C84D395B36D5}.Debug|Any CPU.ActiveCfg = Debug|Any CPU
		{C4541B0B-38BB-48AC-B555-C84D395B36D5}.Debug|Any CPU.Build.0 = Debug|Any CPU
		{C4541B0B-38BB-48AC-B555-C84D395B36D5}.Release|Any CPU.ActiveCfg = Release|Any CPU
		{C4541B0B-38BB-48AC-B555-C84D395B36D5}.Release|Any CPU.Build.0 = Release|Any CPU
		{75218888-58AC-473E-819D-D9F753486D47}.Debug|Any CPU.ActiveCfg = Debug|Any CPU
		{75218888-58AC-473E-819D-D9F753486D47}.Debug|Any CPU.Build.0 = Debug|Any CPU
		{75218888-58AC-473E-819D-D9F753486D47}.Release|Any CPU.ActiveCfg = Release|Any CPU
		{75218888-58AC-473E-819D-D9F753486D47}.Release|Any CPU.Build.0 = Release|Any CPU
		{47EE7EBA-F09C-4536-9595-3BA88ABC46A3}.Debug|Any CPU.ActiveCfg = Debug|Any CPU
		{47EE7EBA-F09C-4536-9595-3BA88ABC46A3}.Debug|Any CPU.Build.0 = Debug|Any CPU
		{47EE7EBA-F09C-4536-9595-3BA88ABC46A3}.Release|Any CPU.ActiveCfg = Release|Any CPU
		{47EE7EBA-F09C-4536-9595-3BA88ABC46A3}.Release|Any CPU.Build.0 = Release|Any CPU
		{AEE3670F-4491-4BFA-9D7D-DEDF15BBAF2F}.Debug|Any CPU.ActiveCfg = Debug|Any CPU
		{AEE3670F-4491-4BFA-9D7D-DEDF15BBAF2F}.Debug|Any CPU.Build.0 = Debug|Any CPU
		{AEE3670F-4491-4BFA-9D7D-DEDF15BBAF2F}.Release|Any CPU.ActiveCfg = Release|Any CPU
		{AEE3670F-4491-4BFA-9D7D-DEDF15BBAF2F}.Release|Any CPU.Build.0 = Release|Any CPU
		{BDA42BE6-1297-4C3D-98D6-877D0C83F0F6}.Debug|Any CPU.ActiveCfg = Debug|Any CPU
		{BDA42BE6-1297-4C3D-98D6-877D0C83F0F6}.Debug|Any CPU.Build.0 = Debug|Any CPU
		{BDA42BE6-1297-4C3D-98D6-877D0C83F0F6}.Release|Any CPU.ActiveCfg = Release|Any CPU
		{BDA42BE6-1297-4C3D-98D6-877D0C83F0F6}.Release|Any CPU.Build.0 = Release|Any CPU
		{05C9D75F-A9A4-4780-A48A-7531E3EE31A9}.Debug|Any CPU.ActiveCfg = Debug|Any CPU
		{05C9D75F-A9A4-4780-A48A-7531E3EE31A9}.Debug|Any CPU.Build.0 = Debug|Any CPU
		{05C9D75F-A9A4-4780-A48A-7531E3EE31A9}.Release|Any CPU.ActiveCfg = Release|Any CPU
		{05C9D75F-A9A4-4780-A48A-7531E3EE31A9}.Release|Any CPU.Build.0 = Release|Any CPU
	EndGlobalSection
	GlobalSection(SolutionProperties) = preSolution
		HideSolutionNode = FALSE
	EndGlobalSection
	GlobalSection(NestedProjects) = preSolution
		{75218888-58AC-473E-819D-D9F753486D47} = {BB290A1F-8F64-42F4-B811-9B44307AB49F}
		{47EE7EBA-F09C-4536-9595-3BA88ABC46A3} = {BB290A1F-8F64-42F4-B811-9B44307AB49F}
		{AEE3670F-4491-4BFA-9D7D-DEDF15BBAF2F} = {05100E77-6AF4-4B15-912D-5CEA724EC521}
		{BDA42BE6-1297-4C3D-98D6-877D0C83F0F6} = {05100E77-6AF4-4B15-912D-5CEA724EC521}
	EndGlobalSection
	GlobalSection(ExtensibilityGlobals) = postSolution
		SolutionGuid = {3C57A2DB-F43A-4D94-A604-5CDEE5222144}
	EndGlobalSection
EndGlobal
